
Microsoft Visual Studio Solution File, Format Version 12.00
# Visual Studio Version 17
VisualStudioVersion = 17.10.35013.160
MinimumVisualStudioVersion = 10.0.40219.1
Project("{FAE04EC0-301F-11D3-BF4B-00C04F79EFBC}") = "EmployeeOperators", "EmployeeOperators\EmployeeOperators.csproj", "{357961A5-FCA8-4312-895D-D7A2B18915B8}"
EndProject
Global
	GlobalSection(SolutionConfigurationPlatforms) = preSolution
		Debug|Any CPU = Debug|Any CPU
		Release|Any CPU = Release|Any CPU
	EndGlobalSection
	GlobalSection(ProjectConfigurationPlatforms) = postSolution
		{357961A5-FCA8-4312-895D-D7A2B18915B8}.Debug|Any CPU.ActiveCfg = Debug|Any CPU
		{357961A5-FCA8-4312-895D-D7A2B18915B8}.Debug|Any CPU.Build.0 = Debug|Any CPU
		{357961A5-FCA8-4312-895D-D7A2B18915B8}.Release|Any CPU.ActiveCfg = Release|Any CPU
		{357961A5-FCA8-4312-895D-D7A2B18915B8}.Release|Any CPU.Build.0 = Release|Any CPU
	EndGlobalSection
	GlobalSection(SolutionProperties) = preSolution
		HideSolutionNode = FALSE
	EndGlobalSection
	GlobalSection(ExtensibilityGlobals) = postSolution
		SolutionGuid = {AAB80829-E42C-4D3D-80ED-62EC373FC652}
	EndGlobalSection
EndGlobal
